Microsoft Visual Studio Solution File, Format Version 12.00
# Visual Studio Version 17
VisualStudioVersion = 17.5.2.0
MinimumVisualStudioVersion = 10.0.40219.1
Project("{FAE04EC0-301F-11D3-BF4B-00C04F79EFBC}") = "TaskPrioritizer", "TaskPrioritizer.csproj", "{76E0FDCA-882F-511F-DA0E-E003EAB3878C}"
EndProject
Global
	GlobalSection(SolutionConfigurationPlatforms) = preSolution
		Debug|Any CPU = Debug|Any CPU
		Release|Any CPU = Release|Any CPU
	EndGlobalSection
	GlobalSection(ProjectConfigurationPlatforms) = postSolution
		{76E0FDCA-882F-511F-DA0E-E003EAB3878C}.Debug|Any CPU.ActiveCfg = Debug|Any CPU
		{76E0FDCA-882F-511F-DA0E-E003EAB3878C}.Debug|Any CPU.Build.0 = Debug|Any CPU
		{76E0FDCA-882F-511F-DA0E-E003EAB3878C}.Release|Any CPU.ActiveCfg = Release|Any CPU
		{76E0FDCA-882F-511F-DA0E-E003EAB3878C}.Release|Any CPU.Build.0 = Release|Any CPU
	EndGlobalSection
	GlobalSection(SolutionProperties) = preSolution
		HideSolutionNode = FALSE
	EndGlobalSection
	GlobalSection(ExtensibilityGlobals) = postSolution
		SolutionGuid = {00AF055E-C12F-4277-8DA6-AEE1A0B55B60}
	EndGlobalSection
EndGlobal
